
Microsoft Visual Studio Solution File, Format Version 12.00
# Visual Studio Version 17
VisualStudioVersion = 17.5.002.0
MinimumVisualStudioVersion = 10.0.40219.1
Project("{9A19103F-16F7-4668-BE54-9A1E7A4F7556}") = "Task_55", "Task_55.csproj", "{F89E43EA-A06C-453B-8253-22F2DA6D3B7D}"
EndProject
Global
	GlobalSection(SolutionConfigurationPlatforms) = preSolution
		Debug|Any CPU = Debug|Any CPU
		Release|Any CPU = Release|Any CPU
	EndGlobalSection
	GlobalSection(ProjectConfigurationPlatforms) = postSolution
		{F89E43EA-A06C-453B-8253-22F2DA6D3B7D}.Debug|Any CPU.ActiveCfg = Debug|Any CPU
		{F89E43EA-A06C-453B-8253-22F2DA6D3B7D}.Debug|Any CPU.Build.0 = Debug|Any CPU
		{F89E43EA-A06C-453B-8253-22F2DA6D3B7D}.Release|Any CPU.ActiveCfg = Release|Any CPU
		{F89E43EA-A06C-453B-8253-22F2DA6D3B7D}.Release|Any CPU.Build.0 = Release|Any CPU
	EndGlobalSection
	GlobalSection(SolutionProperties) = preSolution
		HideSolutionNode = FALSE
	EndGlobalSection
	GlobalSection(ExtensibilityGlobals) = postSolution
		SolutionGuid = {3F5410F7-D50E-4CE4-AC7F-6DCB77C26518}
	EndGlobalSection
EndGlobal
